// !$*UTF8*$!
{
	archiveVersion = 1;
	classes = {
	};
	objectVersion = 50;
	objects = {

/* Begin PBXBuildFile section */
		EA48F78423F4933B005F0D18 /* PopoverContentViewController.swift in Sources */ = {isa = PBXBuildFile; fileRef = EA48F78323F4933B005F0D18 /* PopoverContentViewController.swift */; };
		EA51FE5B23F4929400194F2E /* AppDelegate.swift in Sources */ = {isa = PBXBuildFile; fileRef = EA51FE5A23F4929400194F2E /* AppDelegate.swift */; };
		EA51FE5D23F4929400194F2E /* SceneDelegate.swift in Sources */ = {isa = PBXBuildFile; fileRef = EA51FE5C23F4929400194F2E /* SceneDelegate.swift */; };
		EA51FE5F23F4929400194F2E /* MainViewController.swift in Sources */ = {isa = PBXBuildFile; fileRef = EA51FE5E23F4929400194F2E /* MainViewController.swift */; };
		EA51FE6223F4929400194F2E /* Main.storyboard in Resources */ = {isa = PBXBuildFile; fileRef = EA51FE6023F4929400194F2E /* Main.storyboard */; };
		EA51FE6423F4929600194F2E /* Assets.xcassets in Resources */ = {isa = PBXBuildFile; fileRef = EA51FE6323F4929600194F2E /* Assets.xcassets */; };
		EA51FE6723F4929600194F2E /* LaunchScreen.storyboard in Resources */ = {isa = PBXBuildFile; fileRef = EA51FE6523F4929600194F2E /* LaunchScreen.storyboard */; };
/* End PBXBuildFile section */

/* Begin PBXFileReference section */
		EA48F78323F4933B005F0D18 /* PopoverContentViewController.swift */ = {isa = PBXFileReference; lastKnownFileType = sourcecode.swift; path = PopoverContentViewController.swift; sourceTree = "<group>"; };
		EA51FE5723F4929400194F2E /* PopoverStylingDoneRight.app */ = {isa = PBXFileReference; explicitFileType = wrapper.application; includeInIndex = 0; path = PopoverStylingDoneRight.app; sourceTree = BUILT_PRODUCTS_DIR; };
		EA51FE5A23F4929400194F2E /* AppDelegate.swift */ = {isa = PBXFileReference; lastKnownFileType = sourcecode.swift; path = AppDelegate.swift; sourceTree = "<group>"; };
		EA51FE5C23F4929400194F2E /* SceneDelegate.swift */ = {isa = PBXFileReference; lastKnownFileType = sourcecode.swift; path = SceneDelegate.swift; sourceTree = "<group>"; };
		EA51FE5E23F4929400194F2E /* MainViewController.swift */ = {isa = PBXFileReference; lastKnownFileType = sourcecode.swift; path = MainViewController.swift; sourceTree = "<group>"; };
		EA51FE6123F4929400194F2E /* Base */ = {isa = PBXFileReference; lastKnownFileType = file.storyboard; name = Base; path = Base.lproj/Main.storyboard; sourceTree = "<group>"; };
		EA51FE6323F4929600194F2E /* Assets.xcassets */ = {isa = PBXFileReference; lastKnownFileType = folder.assetcatalog; path = Assets.xcassets; sourceTree = "<group>"; };
		EA51FE6623F4929600194F2E /* Base */ = {isa = PBXFileReference; lastKnownFileType = file.storyboard; name = Base; path = Base.lproj/LaunchScreen.storyboard; sourceTree = "<group>"; };
		EA51FE6823F4929600194F2E /* Info.plist */ = {isa = PBXFileReference; lastKnownFileType = text.plist.xml; path = Info.plist; sourceTree = "<group>"; };
/* End PBXFileReference section */

/* Begin PBXFrameworksBuildPhase section */
		EA51FE5423F4929400194F2E /* Frameworks */ = {
			isa = PBXFrameworksBuildPhase;
			buildActionMask = 2147483647;
			files = (
			);
			runOnlyForDeploymentPostprocessing = 0;
		};
/* End PBXFrameworksBuildPhase section */

/* Begin PBXGroup section */
		EA51FE4E23F4929400194F2E = {
			isa = PBXGroup;
			children = (
				EA51FE5923F4929400194F2E /* PopoverStylingDoneRight */,
				EA51FE5823F4929400194F2E /* Products */,
			);
			sourceTree = "<group>";
		};
		EA51FE5823F4929400194F2E /* Products */ = {
			isa = PBXGroup;
			children = (
				EA51FE5723F4929400194F2E /* PopoverStylingDoneRight.app */,
			);
			name = Products;
			sourceTree = "<group>";
		};
		EA51FE5923F4929400194F2E /* PopoverStylingDoneRight */ = {
			isa = PBXGroup;
			children = (
				EA51FE5A23F4929400194F2E /* AppDelegate.swift */,
				EA51FE5C23F4929400194F2E /* SceneDelegate.swift */,
				EA51FE5E23F4929400194F2E /* MainViewController.swift */,
				EA48F78323F4933B005F0D18 /* PopoverContentViewController.swift */,
				EA51FE6023F4929400194F2E /* Main.storyboard */,
				EA51FE6323F4929600194F2E /* Assets.xcassets */,
				EA51FE6523F4929600194F2E /* LaunchScreen.storyboard */,
				EA51FE6823F4929600194F2E /* Info.plist */,
			);
			path = PopoverStylingDoneRight;
			sourceTree = "<group>";
		};
/* End PBXGroup section */

/* Begin PBXNativeTarget section */
		EA51FE5623F4929400194F2E /* PopoverStylingDoneRight */ = {
			isa = PBXNativeTarget;
			buildConfigurationList = EA51FE6B23F4929600194F2E /* Build configuration list for PBXNativeTarget "PopoverStylingDoneRight" */;
			buildPhases = (
				EA51FE5323F4929400194F2E /* Sources */,
				EA51FE5423F4929400194F2E /* Frameworks */,
				EA51FE5523F4929400194F2E /* Resources */,
			);
			buildRules = (
			);
			dependencies = (
			);
			name = PopoverStylingDoneRight;
			productName = PopoverStylingDoneRight;
			productReference = EA51FE5723F4929400194F2E /* PopoverStylingDoneRight.app */;
			productType = "com.apple.product-type.application";
		};
/* End PBXNativeTarget section */

/* Begin PBXProject section */
		EA51FE4F23F4929400194F2E /* Project object */ = {
			isa = PBXProject;
			attributes = {
				LastSwiftUpdateCheck = 1140;
				LastUpgradeCheck = 1140;
				ORGANIZATIONNAME = "Daniel Yount";
				TargetAttributes = {
					EA51FE5623F4929400194F2E = {
						CreatedOnToolsVersion = 11.4;
					};
				};
			};
			buildConfigurationList = EA51FE5223F4929400194F2E /* Build configuration list for PBXProject "PopoverStylingDoneRight" */;
			compatibilityVersion = "Xcode 9.3";
			developmentRegion = en;
			hasScannedForEncodings = 0;
			knownRegions = (
				en,
				Base,
			);
			mainGroup = EA51FE4E23F4929400194F2E;
			productRefGroup = EA51FE5823F4929400194F2E /* Products */;
			projectDirPath = "";
			projectRoot = "";
			targets = (
				EA51FE5623F4929400194F2E /* PopoverStylingDoneRight */,
			);
		};
/* End PBXProject section */

/* Begin PBXResourcesBuildPhase section */
		EA51FE5523F4929400194F2E /* Resources */ = {
			isa = PBXResourcesBuildPhase;
			buildActionMask = 2147483647;
			files = (
				EA51FE6723F4929600194F2E /* LaunchScreen.storyboard in Resources */,
				EA51FE6423F4929600194F2E /* Assets.xcassets in Resources */,
				EA51FE6223F4929400194F2E /* Main.storyboard in Resources */,
			);
			runOnlyForDeploymentPostprocessing = 0;
		};
/* End PBXResourcesBuildPhase section */

/* Begin PBXSourcesBuildPhase section */
		EA51FE5323F4929400194F2E /* Sources */ = {
			isa = PBXSourcesBuildPhase;
			buildActionMask = 2147483647;
			files = (
				EA51FE5F23F4929400194F2E /* MainViewController.swift in Sources */,
				EA51FE5B23F4929400194F2E /* AppDelegate.swift in Sources */,
				EA48F78423F4933B005F0D18 /* PopoverContentViewController.swift in Sources */,
				EA51FE5D23F4929400194F2E /* SceneDelegate.swift in Sources */,
			);
			runOnlyForDeploymentPostprocessing = 0;
		};
/* End PBXSourcesBuildPhase section */

/* Begin PBXVariantGroup section */
		EA51FE6023F4929400194F2E /* Main.storyboard */ = {
			isa = PBXVariantGroup;
			children = (
				EA51FE6123F4929400194F2E /* Base */,
			);
			name = Main.storyboard;
			sourceTree = "<group>";
		};
		EA51FE6523F4929600194F2E /* LaunchScreen.storyboard */ = {
			isa = PBXVariantGroup;
			children = (
				EA51FE6623F4929600194F2E /* Base */,
			);
			name = LaunchScreen.storyboard;
			sourceTree = "<group>";
		};
/* End PBXVariantGroup section */

/* Begin XCBuildConfiguration section */
		EA51FE6923F4929600194F2E /* Debug */ = {
			isa = XCBuildConfiguration;
			buildSettings = {
				ALWAYS_SEARCH_USER_PATHS = NO;
				CLANG_ANALYZER_NONNULL = YES;
				CLANG_ANALYZER_NUMBER_OBJECT_CONVERSION = YES_AGGRESSIVE;
				CLANG_CXX_LANGUAGE_STANDARD = "gnu++14";
				CLANG_CXX_LIBRARY = "libc++";
				CLANG_ENABLE_MODULES = YES;
				CLANG_ENABLE_OBJC_ARC = YES;
				CLANG_ENABLE_OBJC_WEAK = YES;
				CLANG_WARN_BLOCK_CAPTURE_AUTORELEASING = YES;
				CLANG_WARN_BOOL_CONVERSION = YES;
				CLANG_WARN_COMMA = YES;
				CLANG_WARN_CONSTANT_CONVERSION = YES;
				CLANG_WARN_DEPRECATED_OBJC_IMPLEMENTATIONS = YES;
				CLANG_WARN_DIRECT_OBJC_ISA_USAGE = YES_ERROR;
				CLANG_WARN_DOCUMENTATION_COMMENTS = YES;
				CLANG_WARN_EMPTY_BODY = YES;
				CLANG_WARN_ENUM_CONVERSION = YES;
				CLANG_WARN_INFINITE_RECURSION = YES;
				CLANG_WARN_INT_CONVERSION = YES;
				CLANG_WARN_NON_LITERAL_NULL_CONVERSION = YES;
				CLANG_WARN_OBJC_IMPLICIT_RETAIN_SELF = YES;
				CLANG_WARN_OBJC_LITERAL_CONVERSION = YES;
				CLANG_WARN_OBJC_ROOT_CLASS = YES_ERROR;
				CLANG_WARN_RANGE_LOOP_ANALYSIS = YES;
				CLANG_WARN_STRICT_PROTOTYPES = YES;
				CLANG_WARN_SUSPICIOUS_MOVE = YES;
				CLANG_WARN_UNGUARDED_AVAILABILITY = YES_AGGRESSIVE;
				CLANG_WARN_UNREACHABLE_CODE = YES;
				CLANG_WARN__DUPLICATE_METHOD_MATCH = YES;
				COPY_PHASE_STRIP = NO;
				DEBUG_INFORMATION_FORMAT = dwarf;
				ENABLE_STRICT_OBJC_MSGSEND = YES;
				ENABLE_TESTABILITY = YES;
				GCC_C_LANGUAGE_STANDARD = gnu11;
				GCC_DYNAMIC_NO_PIC = NO;
				GCC_NO_COMMON_BLOCKS = YES;
				GCC_OPTIMIZATION_LEVEL = 0;
				GCC_PREPROCESSOR_DEFINITIONS = (
					"DEBUG=1",
					"$(inherited)",
				);
				GCC_WARN_64_TO_32_BIT_CONVERSION = YES;
				GCC_WARN_ABOUT_RETURN_TYPE = YES_ERROR;
				GCC_WARN_UNDECLARED_SELECTOR = YES;
				GCC_WARN_UNINITIALIZED_AUTOS = YES_AGGRESSIVE;
				GCC_WARN_UNUSED_FUNCTION = YES;
				GCC_WARN_UNUSED_VARIABLE = YES;
				IPHONEOS_DEPLOYMENT_TARGET = 13.4;
				MTL_ENABLE_DEBUG_INFO = INCLUDE_SOURCE;
				MTL_FAST_MATH = YES;
				ONLY_ACTIVE_ARCH = YES;
				SDKROOT = iphoneos;
				SWIFT_ACTIVE_COMPILATION_CONDITIONS = DEBUG;
				SWIFT_OPTIMIZATION_LEVEL = "-Onone";
			};
			name = Debug;
		};
		EA51FE6A23F4929600194F2E /* Release */ = {
			isa = XCBuildConfiguration;
			buildSettings = {
				ALWAYS_SEARCH_USER_PATHS = NO;
				CLANG_ANALYZER_NONNULL = YES;
				CLANG_ANALYZER_NUMBER_OBJECT_CONVERSION = YES_AGGRESSIVE;
				CLANG_CXX_LANGUAGE_STANDARD = "gnu++14";
				CLANG_CXX_LIBRARY = "libc++";
				CLANG_ENABLE_MODULES = YES;
				CLANG_ENABLE_OBJC_ARC = YES;
				CLANG_ENABLE_OBJC_WEAK = YES;
				CLANG_WARN_BLOCK_CAPTURE_AUTORELEASING = YES;
				CLANG_WARN_BOOL_CONVERSION = YES;
				CLANG_WARN_COMMA = YES;
				CLANG_WARN_CONSTANT_CONVERSION = YES;
				CLANG_WARN_DEPRECATED_OBJC_IMPLEMENTATIONS = YES;
				CLANG_WARN_DIRECT_OBJC_ISA_USAGE = YES_ERROR;
				CLANG_WARN_DOCUMENTATION_COMMENTS = YES;
				CLANG_WARN_EMPTY_BODY = YES;
				CLANG_WARN_ENUM_CONVERSION = YES;
				CLANG_WARN_INFINITE_RECURSION = YES;
				CLANG_WARN_INT_CONVERSION = YES;
				CLANG_WARN_NON_LITERAL_NULL_CONVERSION = YES;
				CLANG_WARN_OBJC_IMPLICIT_RETAIN_SELF = YES;
				CLANG_WARN_OBJC_LITERAL_CONVERSION = YES;
				CLANG_WARN_OBJC_ROOT_CLASS = YES_ERROR;
				CLANG_WARN_RANGE_LOOP_ANALYSIS = YES;
				CLANG_WARN_STRICT_PROTOTYPES = YES;
				CLANG_WARN_SUSPICIOUS_MOVE = YES;
				CLANG_WARN_UNGUARDED_AVAILABILITY = YES_AGGRESSIVE;
				CLANG_WARN_UNREACHABLE_CODE = YES;
				CLANG_WARN__DUPLICATE_METHOD_MATCH = YES;
				COPY_PHASE_STRIP = NO;
				DEBUG_INFORMATION_FORMAT = "dwarf-with-dsym";
				ENABLE_NS_ASSERTIONS = NO;
				ENABLE_STRICT_OBJC_MSGSEND = YES;
				GCC_C_LANGUAGE_STANDARD = gnu11;
				GCC_NO_COMMON_BLOCKS = YES;
				GCC_WARN_64_TO_32_BIT_CONVERSION = YES;
				GCC_WARN_ABOUT_RETURN_TYPE = YES_ERROR;
				GCC_WARN_UNDECLARED_SELECTOR = YES;
				GCC_WARN_UNINITIALIZED_AUTOS = YES_AGGRESSIVE;
				GCC_WARN_UNUSED_FUNCTION = YES;
				GCC_WARN_UNUSED_VARIABLE = YES;
				IPHONEOS_DEPLOYMENT_TARGET = 13.4;
				MTL_ENABLE_DEBUG_INFO = NO;
				MTL_FAST_MATH = YES;
				SDKROOT = iphoneos;
				SWIFT_COMPILATION_MODE = wholemodule;
				SWIFT_OPTIMIZATION_LEVEL = "-O";
				VALIDATE_PRODUCT = YES;
			};
			name = Release;
		};
		EA51FE6C23F4929600194F2E /* Debug */ = {
			isa = XCBuildConfiguration;
			buildSettings = {
				ASSETCATALOG_COMPILER_APPICON_NAME = AppIcon;
				CODE_SIGN_STYLE = Automatic;
				DEVELOPMENT_TEAM = 93KKH99Z5P;
				INFOPLIST_FILE = PopoverStylingDoneRight/Info.plist;
				LD_RUNPATH_SEARCH_PATHS = (
					"$(inherited)",
					"@executable_path/Frameworks",
				);
				PRODUCT_BUNDLE_IDENTIFIER = com.danielyount.PopoverStylingDoneRight;
				PRODUCT_NAME = "$(TARGET_NAME)";
				SWIFT_VERSION = 5.0;
				TARGETED_DEVICE_FAMILY = "1,2";
			};
			name = Debug;
		};
		EA51FE6D23F4929600194F2E /* Release */ = {
			isa = XCBuildConfiguration;
			buildSettings = {
				ASSETCATALOG_COMPILER_APPICON_NAME = AppIcon;
				CODE_SIGN_STYLE = Automatic;
				DEVELOPMENT_TEAM = 93KKH99Z5P;
				INFOPLIST_FILE = PopoverStylingDoneRight/Info.plist;
				LD_RUNPATH_SEARCH_PATHS = (
					"$(inherited)",
					"@executable_path/Frameworks",
				);
				PRODUCT_BUNDLE_IDENTIFIER = com.danielyount.PopoverStylingDoneRight;
				PRODUCT_NAME = "$(TARGET_NAME)";
				SWIFT_VERSION = 5.0;
				TARGETED_DEVICE_FAMILY = "1,2";
			};
			name = Release;
		};
/* End XCBuildConfiguration section */

/* Begin XCConfigurationList section */
		EA51FE5223F4929400194F2E /* Build configuration list for PBXProject "PopoverStylingDoneRight" */ = {
			isa = XCConfigurationList;
			buildConfigurations = (
				EA51FE6923F4929600194F2E /* Debug */,
				EA51FE6A23F4929600194F2E /* Release */,
			);
			defaultConfigurationIsVisible = 0;
			defaultConfigurationName = Release;
		};
		EA51FE6B23F4929600194F2E /* Build configuration list for PBXNativeTarget "PopoverStylingDoneRight" */ = {
			isa = XCConfigurationList;
			buildConfigurations = (
				EA51FE6C23F4929600194F2E /* Debug */,
				EA51FE6D23F4929600194F2E /* Release */,
			);
			defaultConfigurationIsVisible = 0;
			defaultConfigurationName = Release;
		};
/* End XCConfigurationList section */
	};
	rootObject = EA51FE4F23F4929400194F2E /* Project object */;
}
